// !$*UTF8*$!
{
	archiveVersion = 1;
	classes = {
	};
	objectVersion = 50;
	objects = {

/* Begin PBXBuildFile section */
		343C30B4208B7DA50070F597 /* AppDelegate.swift in Sources */ = {isa = PBXBuildFile; fileRef = 343C30B3208B7DA50070F597 /* AppDelegate.swift */; };
		343C30B6208B7DA50070F597 /* SplitViewController.swift in Sources */ = {isa = PBXBuildFile; fileRef = 343C30B5208B7DA50070F597 /* SplitViewController.swift */; };
		343C30B8208B7DA60070F597 /* Assets.xcassets in Resources */ = {isa = PBXBuildFile; fileRef = 343C30B7208B7DA60070F597 /* Assets.xcassets */; };
		343C30BB208B7DA60070F597 /* Main.storyboard in Resources */ = {isa = PBXBuildFile; fileRef = 343C30B9208B7DA60070F597 /* Main.storyboard */; };
		343C30C7208B7DA60070F597 /* HackerNewsTests.swift in Sources */ = {isa = PBXBuildFile; fileRef = 343C30C6208B7DA60070F597 /* HackerNewsTests.swift */; };
		343C30D2208B7DA60070F597 /* HackerNewsUITests.swift in Sources */ = {isa = PBXBuildFile; fileRef = 343C30D1208B7DA60070F597 /* HackerNewsUITests.swift */; };
		348D8EEF208B96D9001326C2 /* PostsViewController.swift in Sources */ = {isa = PBXBuildFile; fileRef = 348D8EEE208B96D9001326C2 /* PostsViewController.swift */; };
		34FEDA96208D21B700FC143F /* PostCellView.swift in Sources */ = {isa = PBXBuildFile; fileRef = 34FEDA95208D21B700FC143F /* PostCellView.swift */; };
		34FEDA98208D22EA00FC143F /* PostCell.xib in Resources */ = {isa = PBXBuildFile; fileRef = 34FEDA97208D22EA00FC143F /* PostCell.xib */; };
		44E7050E14ED51D7AB74FAC1 /* Pods_HackerNews.framework in Frameworks */ = {isa = PBXBuildFile; fileRef = A19231FF6F154F86063591A8 /* Pods_HackerNews.framework */; };
		5B774FA74ADDF72CE2A6BC1A /* Pods_HackerNewsUITests.framework in Frameworks */ = {isa = PBXBuildFile; fileRef = 6AC0324A72EBE3C60804B533 /* Pods_HackerNewsUITests.framework */; };
		93596E9A5247687980F81CD3 /* Pods_HackerNewsTests.framework in Frameworks */ = {isa = PBXBuildFile; fileRef = 6A24DEF7855A940DB0B2691C /* Pods_HackerNewsTests.framework */; };
/* End PBXBuildFile section */

/* Begin PBXContainerItemProxy section */
		343C30C3208B7DA60070F597 /* PBXContainerItemProxy */ = {
			isa = PBXContainerItemProxy;
			containerPortal = 343C30A8208B7DA50070F597 /* Project object */;
			proxyType = 1;
			remoteGlobalIDString = 343C30AF208B7DA50070F597;
			remoteInfo = HackerNews;
		};
		343C30CE208B7DA60070F597 /* PBXContainerItemProxy */ = {
			isa = PBXContainerItemProxy;
			containerPortal = 343C30A8208B7DA50070F597 /* Project object */;
			proxyType = 1;
			remoteGlobalIDString = 343C30AF208B7DA50070F597;
			remoteInfo = HackerNews;
		};
/* End PBXContainerItemProxy section */

/* Begin PBXFileReference section */
		1AA8970C011BE7299479012D /* Pods-HackerNewsUITests.debug.xcconfig */ = {isa = PBXFileReference; includeInIndex = 1; lastKnownFileType = text.xcconfig; name = "Pods-HackerNewsUITests.debug.xcconfig"; path = "Pods/Target Support Files/Pods-HackerNewsUITests/Pods-HackerNewsUITests.debug.xcconfig"; sourceTree = "<group>"; };
		1AE700D11E195566ED92BBAE /* Pods-HackerNewsTests.release.xcconfig */ = {isa = PBXFileReference; includeInIndex = 1; lastKnownFileType = text.xcconfig; name = "Pods-HackerNewsTests.release.xcconfig"; path = "Pods/Target Support Files/Pods-HackerNewsTests/Pods-HackerNewsTests.release.xcconfig"; sourceTree = "<group>"; };
		343C30B0208B7DA50070F597 /* HackerNews.app */ = {isa = PBXFileReference; explicitFileType = wrapper.application; includeInIndex = 0; path = HackerNews.app; sourceTree = BUILT_PRODUCTS_DIR; };
		343C30B3208B7DA50070F597 /* AppDelegate.swift */ = {isa = PBXFileReference; lastKnownFileType = sourcecode.swift; path = AppDelegate.swift; sourceTree = "<group>"; };
		343C30B5208B7DA50070F597 /* SplitViewController.swift */ = {isa = PBXFileReference; lastKnownFileType = sourcecode.swift; path = SplitViewController.swift; sourceTree = "<group>"; };
		343C30B7208B7DA60070F597 /* Assets.xcassets */ = {isa = PBXFileReference; lastKnownFileType = folder.assetcatalog; path = Assets.xcassets; sourceTree = "<group>"; };
		343C30BA208B7DA60070F597 /* Base */ = {isa = PBXFileReference; lastKnownFileType = file.storyboard; name = Base; path = Base.lproj/Main.storyboard; sourceTree = "<group>"; };
		343C30BC208B7DA60070F597 /* Info.plist */ = {isa = PBXFileReference; lastKnownFileType = text.plist.xml; path = Info.plist; sourceTree = "<group>"; };
		343C30BD208B7DA60070F597 /* HackerNews.entitlements */ = {isa = PBXFileReference; lastKnownFileType = text.plist.entitlements; path = HackerNews.entitlements; sourceTree = "<group>"; };
		343C30C2208B7DA60070F597 /* HackerNewsTests.xctest */ = {isa = PBXFileReference; explicitFileType = wrapper.cfbundle; includeInIndex = 0; path = HackerNewsTests.xctest; sourceTree = BUILT_PRODUCTS_DIR; };
		343C30C6208B7DA60070F597 /* HackerNewsTests.swift */ = {isa = PBXFileReference; lastKnownFileType = sourcecode.swift; path = HackerNewsTests.swift; sourceTree = "<group>"; };
		343C30C8208B7DA60070F597 /* Info.plist */ = {isa = PBXFileReference; lastKnownFileType = text.plist.xml; path = Info.plist; sourceTree = "<group>"; };
		343C30CD208B7DA60070F597 /* HackerNewsUITests.xctest */ = {isa = PBXFileReference; explicitFileType = wrapper.cfbundle; includeInIndex = 0; path = HackerNewsUITests.xctest; sourceTree = BUILT_PRODUCTS_DIR; };
		343C30D1208B7DA60070F597 /* HackerNewsUITests.swift */ = {isa = PBXFileReference; lastKnownFileType = sourcecode.swift; path = HackerNewsUITests.swift; sourceTree = "<group>"; };
		343C30D3208B7DA60070F597 /* Info.plist */ = {isa = PBXFileReference; lastKnownFileType = text.plist.xml; path = Info.plist; sourceTree = "<group>"; };
		348D8EEE208B96D9001326C2 /* PostsViewController.swift */ = {isa = PBXFileReference; lastKnownFileType = sourcecode.swift; path = PostsViewController.swift; sourceTree = "<group>"; };
		34FEDA95208D21B700FC143F /* PostCellView.swift */ = {isa = PBXFileReference; lastKnownFileType = sourcecode.swift; path = PostCellView.swift; sourceTree = "<group>"; };
		34FEDA97208D22EA00FC143F /* PostCell.xib */ = {isa = PBXFileReference; lastKnownFileType = file.xib; path = PostCell.xib; sourceTree = "<group>"; };
		659584F4C80EB4A41E02FD97 /* Pods-HackerNewsUITests.release.xcconfig */ = {isa = PBXFileReference; includeInIndex = 1; lastKnownFileType = text.xcconfig; name = "Pods-HackerNewsUITests.release.xcconfig"; path = "Pods/Target Support Files/Pods-HackerNewsUITests/Pods-HackerNewsUITests.release.xcconfig"; sourceTree = "<group>"; };
		6A24DEF7855A940DB0B2691C /* Pods_HackerNewsTests.framework */ = {isa = PBXFileReference; explicitFileType = wrapper.framework; includeInIndex = 0; path = Pods_HackerNewsTests.framework; sourceTree = BUILT_PRODUCTS_DIR; };
		6AC0324A72EBE3C60804B533 /* Pods_HackerNewsUITests.framework */ = {isa = PBXFileReference; explicitFileType = wrapper.framework; includeInIndex = 0; path = Pods_HackerNewsUITests.framework; sourceTree = BUILT_PRODUCTS_DIR; };
		6BE812453B6954BE0729AD00 /* Pods-HackerNews.release.xcconfig */ = {isa = PBXFileReference; includeInIndex = 1; lastKnownFileType = text.xcconfig; name = "Pods-HackerNews.release.xcconfig"; path = "Pods/Target Support Files/Pods-HackerNews/Pods-HackerNews.release.xcconfig"; sourceTree = "<group>"; };
		A19231FF6F154F86063591A8 /* Pods_HackerNews.framework */ = {isa = PBXFileReference; explicitFileType = wrapper.framework; includeInIndex = 0; path = Pods_HackerNews.framework; sourceTree = BUILT_PRODUCTS_DIR; };
		C2B3E2E568AA63FCAD5BAB32 /* Pods-HackerNews.debug.xcconfig */ = {isa = PBXFileReference; includeInIndex = 1; lastKnownFileType = text.xcconfig; name = "Pods-HackerNews.debug.xcconfig"; path = "Pods/Target Support Files/Pods-HackerNews/Pods-HackerNews.debug.xcconfig"; sourceTree = "<group>"; };
		C2D2553B3CFCF2B692102BA1 /* Pods-HackerNewsTests.debug.xcconfig */ = {isa = PBXFileReference; includeInIndex = 1; lastKnownFileType = text.xcconfig; name = "Pods-HackerNewsTests.debug.xcconfig"; path = "Pods/Target Support Files/Pods-HackerNewsTests/Pods-HackerNewsTests.debug.xcconfig"; sourceTree = "<group>"; };
/* End PBXFileReference section */

/* Begin PBXFrameworksBuildPhase section */
		343C30AD208B7DA50070F597 /* Frameworks */ = {
			isa = PBXFrameworksBuildPhase;
			buildActionMask = 2147483647;
			files = (
				44E7050E14ED51D7AB74FAC1 /* Pods_HackerNews.framework in Frameworks */,
			);
			runOnlyForDeploymentPostprocessing = 0;
		};
		343C30BF208B7DA60070F597 /* Frameworks */ = {
			isa = PBXFrameworksBuildPhase;
			buildActionMask = 2147483647;
			files = (
				93596E9A5247687980F81CD3 /* Pods_HackerNewsTests.framework in Frameworks */,
			);
			runOnlyForDeploymentPostprocessing = 0;
		};
		343C30CA208B7DA60070F597 /* Frameworks */ = {
			isa = PBXFrameworksBuildPhase;
			buildActionMask = 2147483647;
			files = (
				5B774FA74ADDF72CE2A6BC1A /* Pods_HackerNewsUITests.framework in Frameworks */,
			);
			runOnlyForDeploymentPostprocessing = 0;
		};
/* End PBXFrameworksBuildPhase section */

/* Begin PBXGroup section */
		343C30A7208B7DA50070F597 = {
			isa = PBXGroup;
			children = (
				343C30B2208B7DA50070F597 /* HackerNews */,
				343C30C5208B7DA60070F597 /* HackerNewsTests */,
				343C30D0208B7DA60070F597 /* HackerNewsUITests */,
				343C30B1208B7DA50070F597 /* Products */,
				778A36907DF084DB0CFB5D10 /* Pods */,
				DB869F234D22C4EB9CA10861 /* Frameworks */,
			);
			sourceTree = "<group>";
		};
		343C30B1208B7DA50070F597 /* Products */ = {
			isa = PBXGroup;
			children = (
				343C30B0208B7DA50070F597 /* HackerNews.app */,
				343C30C2208B7DA60070F597 /* HackerNewsTests.xctest */,
				343C30CD208B7DA60070F597 /* HackerNewsUITests.xctest */,
			);
			name = Products;
			sourceTree = "<group>";
		};
		343C30B2208B7DA50070F597 /* HackerNews */ = {
			isa = PBXGroup;
			children = (
				343C30B3208B7DA50070F597 /* AppDelegate.swift */,
				343C30B5208B7DA50070F597 /* SplitViewController.swift */,
				343C30B7208B7DA60070F597 /* Assets.xcassets */,
				343C30B9208B7DA60070F597 /* Main.storyboard */,
				343C30BC208B7DA60070F597 /* Info.plist */,
				343C30BD208B7DA60070F597 /* HackerNews.entitlements */,
				348D8EEE208B96D9001326C2 /* PostsViewController.swift */,
				34FEDA95208D21B700FC143F /* PostCellView.swift */,
				34FEDA97208D22EA00FC143F /* PostCell.xib */,
			);
			path = HackerNews;
			sourceTree = "<group>";
		};
		343C30C5208B7DA60070F597 /* HackerNewsTests */ = {
			isa = PBXGroup;
			children = (
				343C30C6208B7DA60070F597 /* HackerNewsTests.swift */,
				343C30C8208B7DA60070F597 /* Info.plist */,
			);
			path = HackerNewsTests;
			sourceTree = "<group>";
		};
		343C30D0208B7DA60070F597 /* HackerNewsUITests */ = {
			isa = PBXGroup;
			children = (
				343C30D1208B7DA60070F597 /* HackerNewsUITests.swift */,
				343C30D3208B7DA60070F597 /* Info.plist */,
			);
			path = HackerNewsUITests;
			sourceTree = "<group>";
		};
		778A36907DF084DB0CFB5D10 /* Pods */ = {
			isa = PBXGroup;
			children = (
				C2B3E2E568AA63FCAD5BAB32 /* Pods-HackerNews.debug.xcconfig */,
				6BE812453B6954BE0729AD00 /* Pods-HackerNews.release.xcconfig */,
				C2D2553B3CFCF2B692102BA1 /* Pods-HackerNewsTests.debug.xcconfig */,
				1AE700D11E195566ED92BBAE /* Pods-HackerNewsTests.release.xcconfig */,
				1AA8970C011BE7299479012D /* Pods-HackerNewsUITests.debug.xcconfig */,
				659584F4C80EB4A41E02FD97 /* Pods-HackerNewsUITests.release.xcconfig */,
			);
			name = Pods;
			sourceTree = "<group>";
		};
		DB869F234D22C4EB9CA10861 /* Frameworks */ = {
			isa = PBXGroup;
			children = (
				A19231FF6F154F86063591A8 /* Pods_HackerNews.framework */,
				6A24DEF7855A940DB0B2691C /* Pods_HackerNewsTests.framework */,
				6AC0324A72EBE3C60804B533 /* Pods_HackerNewsUITests.framework */,
			);
			name = Frameworks;
			sourceTree = "<group>";
		};
/* End PBXGroup section */

/* Begin PBXNativeTarget section */
		343C30AF208B7DA50070F597 /* HackerNews */ = {
			isa = PBXNativeTarget;
			buildConfigurationList = 343C30D6208B7DA60070F597 /* Build configuration list for PBXNativeTarget "HackerNews" */;
			buildPhases = (
				1AFF45679E54A65126EE56DF /* [CP] Check Pods Manifest.lock */,
				343C30AC208B7DA50070F597 /* Sources */,
				343C30AD208B7DA50070F597 /* Frameworks */,
				343C30AE208B7DA50070F597 /* Resources */,
			);
			buildRules = (
			);
			dependencies = (
			);
			name = HackerNews;
			productName = HackerNews;
			productReference = 343C30B0208B7DA50070F597 /* HackerNews.app */;
			productType = "com.apple.product-type.application";
		};
		343C30C1208B7DA60070F597 /* HackerNewsTests */ = {
			isa = PBXNativeTarget;
			buildConfigurationList = 343C30D9208B7DA60070F597 /* Build configuration list for PBXNativeTarget "HackerNewsTests" */;
			buildPhases = (
				ABD4F35A684C110DCE254F90 /* [CP] Check Pods Manifest.lock */,
				343C30BE208B7DA60070F597 /* Sources */,
				343C30BF208B7DA60070F597 /* Frameworks */,
				343C30C0208B7DA60070F597 /* Resources */,
			);
			buildRules = (
			);
			dependencies = (
				343C30C4208B7DA60070F597 /* PBXTargetDependency */,
			);
			name = HackerNewsTests;
			productName = HackerNewsTests;
			productReference = 343C30C2208B7DA60070F597 /* HackerNewsTests.xctest */;
			productType = "com.apple.product-type.bundle.unit-test";
		};
		343C30CC208B7DA60070F597 /* HackerNewsUITests */ = {
			isa = PBXNativeTarget;
			buildConfigurationList = 343C30DC208B7DA60070F597 /* Build configuration list for PBXNativeTarget "HackerNewsUITests" */;
			buildPhases = (
				D8654CAAEE205C86919BFF4D /* [CP] Check Pods Manifest.lock */,
				343C30C9208B7DA60070F597 /* Sources */,
				343C30CA208B7DA60070F597 /* Frameworks */,
				343C30CB208B7DA60070F597 /* Resources */,
			);
			buildRules = (
			);
			dependencies = (
				343C30CF208B7DA60070F597 /* PBXTargetDependency */,
			);
			name = HackerNewsUITests;
			productName = HackerNewsUITests;
			productReference = 343C30CD208B7DA60070F597 /* HackerNewsUITests.xctest */;
			productType = "com.apple.product-type.bundle.ui-testing";
		};
/* End PBXNativeTarget section */

/* Begin PBXProject section */
		343C30A8208B7DA50070F597 /* Project object */ = {
			isa = PBXProject;
			attributes = {
				LastSwiftUpdateCheck = 0930;
				LastUpgradeCheck = 0930;
				ORGANIZATIONNAME = "Viktor Hundahl Strate";
				TargetAttributes = {
					343C30AF208B7DA50070F597 = {
						CreatedOnToolsVersion = 9.3;
					};
					343C30C1208B7DA60070F597 = {
						CreatedOnToolsVersion = 9.3;
						TestTargetID = 343C30AF208B7DA50070F597;
					};
					343C30CC208B7DA60070F597 = {
						CreatedOnToolsVersion = 9.3;
						TestTargetID = 343C30AF208B7DA50070F597;
					};
				};
			};
			buildConfigurationList = 343C30AB208B7DA50070F597 /* Build configuration list for PBXProject "HackerNews" */;
			compatibilityVersion = "Xcode 9.3";
			developmentRegion = en;
			hasScannedForEncodings = 0;
			knownRegions = (
				en,
				Base,
			);
			mainGroup = 343C30A7208B7DA50070F597;
			productRefGroup = 343C30B1208B7DA50070F597 /* Products */;
			projectDirPath = "";
			projectRoot = "";
			targets = (
				343C30AF208B7DA50070F597 /* HackerNews */,
				343C30C1208B7DA60070F597 /* HackerNewsTests */,
				343C30CC208B7DA60070F597 /* HackerNewsUITests */,
			);
		};
/* End PBXProject section */

/* Begin PBXResourcesBuildPhase section */
		343C30AE208B7DA50070F597 /* Resources */ = {
			isa = PBXResourcesBuildPhase;
			buildActionMask = 2147483647;
			files = (
				343C30B8208B7DA60070F597 /* Assets.xcassets in Resources */,
				34FEDA98208D22EA00FC143F /* PostCell.xib in Resources */,
				343C30BB208B7DA60070F597 /* Main.storyboard in Resources */,
			);
			runOnlyForDeploymentPostprocessing = 0;
		};
		343C30C0208B7DA60070F597 /* Resources */ = {
			isa = PBXResourcesBuildPhase;
			buildActionMask = 2147483647;
			files = (
			);
			runOnlyForDeploymentPostprocessing = 0;
		};
		343C30CB208B7DA60070F597 /* Resources */ = {
			isa = PBXResourcesBuildPhase;
			buildActionMask = 2147483647;
			files = (
			);
			runOnlyForDeploymentPostprocessing = 0;
		};
/* End PBXResourcesBuildPhase section */

/* Begin PBXShellScriptBuildPhase section */
		1AFF45679E54A65126EE56DF /* [CP] Check Pods Manifest.lock */ = {
			isa = PBXShellScriptBuildPhase;
			buildActionMask = 2147483647;
			files = (
			);
			inputPaths = (
				"${PODS_PODFILE_DIR_PATH}/Podfile.lock",
				"${PODS_ROOT}/Manifest.lock",
			);
			name = "[CP] Check Pods Manifest.lock";
			outputPaths = (
				"$(DERIVED_FILE_DIR)/Pods-HackerNews-checkManifestLockResult.txt",
			);
			runOnlyForDeploymentPostprocessing = 0;
			shellPath = /bin/sh;
			shellScript = "diff \"${PODS_PODFILE_DIR_PATH}/Podfile.lock\" \"${PODS_ROOT}/Manifest.lock\" > /dev/null\nif [ $? != 0 ] ; then\n    # print error to STDERR\n    echo \"error: The sandbox is not in sync with the Podfile.lock. Run 'pod install' or update your CocoaPods installation.\" >&2\n    exit 1\nfi\n# This output is used by Xcode 'outputs' to avoid re-running this script phase.\necho \"SUCCESS\" > \"${SCRIPT_OUTPUT_FILE_0}\"\n";
			showEnvVarsInLog = 0;
		};
		ABD4F35A684C110DCE254F90 /* [CP] Check Pods Manifest.lock */ = {
			isa = PBXShellScriptBuildPhase;
			buildActionMask = 2147483647;
			files = (
			);
			inputPaths = (
				"${PODS_PODFILE_DIR_PATH}/Podfile.lock",
				"${PODS_ROOT}/Manifest.lock",
			);
			name = "[CP] Check Pods Manifest.lock";
			outputPaths = (
				"$(DERIVED_FILE_DIR)/Pods-HackerNewsTests-checkManifestLockResult.txt",
			);
			runOnlyForDeploymentPostprocessing = 0;
			shellPath = /bin/sh;
			shellScript = "diff \"${PODS_PODFILE_DIR_PATH}/Podfile.lock\" \"${PODS_ROOT}/Manifest.lock\" > /dev/null\nif [ $? != 0 ] ; then\n    # print error to STDERR\n    echo \"error: The sandbox is not in sync with the Podfile.lock. Run 'pod install' or update your CocoaPods installation.\" >&2\n    exit 1\nfi\n# This output is used by Xcode 'outputs' to avoid re-running this script phase.\necho \"SUCCESS\" > \"${SCRIPT_OUTPUT_FILE_0}\"\n";
			showEnvVarsInLog = 0;
		};
		D8654CAAEE205C86919BFF4D /* [CP] Check Pods Manifest.lock */ = {
			isa = PBXShellScriptBuildPhase;
			buildActionMask = 2147483647;
			files = (
			);
			inputPaths = (
				"${PODS_PODFILE_DIR_PATH}/Podfile.lock",
				"${PODS_ROOT}/Manifest.lock",
			);
			name = "[CP] Check Pods Manifest.lock";
			outputPaths = (
				"$(DERIVED_FILE_DIR)/Pods-HackerNewsUITests-checkManifestLockResult.txt",
			);
			runOnlyForDeploymentPostprocessing = 0;
			shellPath = /bin/sh;
			shellScript = "diff \"${PODS_PODFILE_DIR_PATH}/Podfile.lock\" \"${PODS_ROOT}/Manifest.lock\" > /dev/null\nif [ $? != 0 ] ; then\n    # print error to STDERR\n    echo \"error: The sandbox is not in sync with the Podfile.lock. Run 'pod install' or update your CocoaPods installation.\" >&2\n    exit 1\nfi\n# This output is used by Xcode 'outputs' to avoid re-running this script phase.\necho \"SUCCESS\" > \"${SCRIPT_OUTPUT_FILE_0}\"\n";
			showEnvVarsInLog = 0;
		};
/* End PBXShellScriptBuildPhase section */

/* Begin PBXSourcesBuildPhase section */
		343C30AC208B7DA50070F597 /* Sources */ = {
			isa = PBXSourcesBuildPhase;
			buildActionMask = 2147483647;
			files = (
				348D8EEF208B96D9001326C2 /* PostsViewController.swift in Sources */,
				343C30B6208B7DA50070F597 /* SplitViewController.swift in Sources */,
				34FEDA96208D21B700FC143F /* PostCellView.swift in Sources */,
				343C30B4208B7DA50070F597 /* AppDelegate.swift in Sources */,
			);
			runOnlyForDeploymentPostprocessing = 0;
		};
		343C30BE208B7DA60070F597 /* Sources */ = {
			isa = PBXSourcesBuildPhase;
			buildActionMask = 2147483647;
			files = (
				343C30C7208B7DA60070F597 /* HackerNewsTests.swift in Sources */,
			);
			runOnlyForDeploymentPostprocessing = 0;
		};
		343C30C9208B7DA60070F597 /* Sources */ = {
			isa = PBXSourcesBuildPhase;
			buildActionMask = 2147483647;
			files = (
				343C30D2208B7DA60070F597 /* HackerNewsUITests.swift in Sources */,
			);
			runOnlyForDeploymentPostprocessing = 0;
		};
/* End PBXSourcesBuildPhase section */

/* Begin PBXTargetDependency section */
		343C30C4208B7DA60070F597 /* PBXTargetDependency */ = {
			isa = PBXTargetDependency;
			target = 343C30AF208B7DA50070F597 /* HackerNews */;
			targetProxy = 343C30C3208B7DA60070F597 /* PBXContainerItemProxy */;
		};
		343C30CF208B7DA60070F597 /* PBXTargetDependency */ = {
			isa = PBXTargetDependency;
			target = 343C30AF208B7DA50070F597 /* HackerNews */;
			targetProxy = 343C30CE208B7DA60070F597 /* PBXContainerItemProxy */;
		};
/* End PBXTargetDependency section */

/* Begin PBXVariantGroup section */
		343C30B9208B7DA60070F597 /* Main.storyboard */ = {
			isa = PBXVariantGroup;
			children = (
				343C30BA208B7DA60070F597 /* Base */,
			);
			name = Main.storyboard;
			sourceTree = "<group>";
		};
/* End PBXVariantGroup section */

/* Begin XCBuildConfiguration section */
		343C30D4208B7DA60070F597 /* Debug */ = {
			isa = XCBuildConfiguration;
			buildSettings = {
				ALWAYS_SEARCH_USER_PATHS = NO;
				CLANG_ANALYZER_NONNULL = YES;
				CLANG_ANALYZER_NUMBER_OBJECT_CONVERSION = YES_AGGRESSIVE;
				CLANG_CXX_LANGUAGE_STANDARD = "gnu++14";
				CLANG_CXX_LIBRARY = "libc++";
				CLANG_ENABLE_MODULES = YES;
				CLANG_ENABLE_OBJC_ARC = YES;
				CLANG_ENABLE_OBJC_WEAK = YES;
				CLANG_WARN_BLOCK_CAPTURE_AUTORELEASING = YES;
				CLANG_WARN_BOOL_CONVERSION = YES;
				CLANG_WARN_COMMA = YES;
				CLANG_WARN_CONSTANT_CONVERSION = YES;
				CLANG_WARN_DEPRECATED_OBJC_IMPLEMENTATIONS = YES;
				CLANG_WARN_DIRECT_OBJC_ISA_USAGE = YES_ERROR;
				CLANG_WARN_DOCUMENTATION_COMMENTS = YES;
				CLANG_WARN_EMPTY_BODY = YES;
				CLANG_WARN_ENUM_CONVERSION = YES;
				CLANG_WARN_INFINITE_RECURSION = YES;
				CLANG_WARN_INT_CONVERSION = YES;
				CLANG_WARN_NON_LITERAL_NULL_CONVERSION = YES;
				CLANG_WARN_OBJC_IMPLICIT_RETAIN_SELF = YES;
				CLANG_WARN_OBJC_LITERAL_CONVERSION = YES;
				CLANG_WARN_OBJC_ROOT_CLASS = YES_ERROR;
				CLANG_WARN_RANGE_LOOP_ANALYSIS = YES;
				CLANG_WARN_STRICT_PROTOTYPES = YES;
				CLANG_WARN_SUSPICIOUS_MOVE = YES;
				CLANG_WARN_UNGUARDED_AVAILABILITY = YES_AGGRESSIVE;
				CLANG_WARN_UNREACHABLE_CODE = YES;
				CLANG_WARN__DUPLICATE_METHOD_MATCH = YES;
				CODE_SIGN_IDENTITY = "-";
				COPY_PHASE_STRIP = NO;
				DEBUG_INFORMATION_FORMAT = dwarf;
				ENABLE_STRICT_OBJC_MSGSEND = YES;
				ENABLE_TESTABILITY = YES;
				GCC_C_LANGUAGE_STANDARD = gnu11;
				GCC_DYNAMIC_NO_PIC = NO;
				GCC_NO_COMMON_BLOCKS = YES;
				GCC_OPTIMIZATION_LEVEL = 0;
				GCC_PREPROCESSOR_DEFINITIONS = (
					"DEBUG=1",
					"$(inherited)",
				);
				GCC_WARN_64_TO_32_BIT_CONVERSION = YES;
				GCC_WARN_ABOUT_RETURN_TYPE = YES_ERROR;
				GCC_WARN_UNDECLARED_SELECTOR = YES;
				GCC_WARN_UNINITIALIZED_AUTOS = YES_AGGRESSIVE;
				GCC_WARN_UNUSED_FUNCTION = YES;
				GCC_WARN_UNUSED_VARIABLE = YES;
				MACOSX_DEPLOYMENT_TARGET = 10.13;
				MTL_ENABLE_DEBUG_INFO = YES;
				ONLY_ACTIVE_ARCH = YES;
				SDKROOT = macosx;
				SWIFT_ACTIVE_COMPILATION_CONDITIONS = DEBUG;
				SWIFT_OPTIMIZATION_LEVEL = "-Onone";
			};
			name = Debug;
		};
		343C30D5208B7DA60070F597 /* Release */ = {
			isa = XCBuildConfiguration;
			buildSettings = {
				ALWAYS_SEARCH_USER_PATHS = NO;
				CLANG_ANALYZER_NONNULL = YES;
				CLANG_ANALYZER_NUMBER_OBJECT_CONVERSION = YES_AGGRESSIVE;
				CLANG_CXX_LANGUAGE_STANDARD = "gnu++14";
				CLANG_CXX_LIBRARY = "libc++";
				CLANG_ENABLE_MODULES = YES;
				CLANG_ENABLE_OBJC_ARC = YES;
				CLANG_ENABLE_OBJC_WEAK = YES;
				CLANG_WARN_BLOCK_CAPTURE_AUTORELEASING = YES;
				CLANG_WARN_BOOL_CONVERSION = YES;
				CLANG_WARN_COMMA = YES;
				CLANG_WARN_CONSTANT_CONVERSION = YES;
				CLANG_WARN_DEPRECATED_OBJC_IMPLEMENTATIONS = YES;
				CLANG_WARN_DIRECT_OBJC_ISA_USAGE = YES_ERROR;
				CLANG_WARN_DOCUMENTATION_COMMENTS = YES;
				CLANG_WARN_EMPTY_BODY = YES;
				CLANG_WARN_ENUM_CONVERSION = YES;
				CLANG_WARN_INFINITE_RECURSION = YES;
				CLANG_WARN_INT_CONVERSION = YES;
				CLANG_WARN_NON_LITERAL_NULL_CONVERSION = YES;
				CLANG_WARN_OBJC_IMPLICIT_RETAIN_SELF = YES;
				CLANG_WARN_OBJC_LITERAL_CONVERSION = YES;
				CLANG_WARN_OBJC_ROOT_CLASS = YES_ERROR;
				CLANG_WARN_RANGE_LOOP_ANALYSIS = YES;
				CLANG_WARN_STRICT_PROTOTYPES = YES;
				CLANG_WARN_SUSPICIOUS_MOVE = YES;
				CLANG_WARN_UNGUARDED_AVAILABILITY = YES_AGGRESSIVE;
				CLANG_WARN_UNREACHABLE_CODE = YES;
				CLANG_WARN__DUPLICATE_METHOD_MATCH = YES;
				CODE_SIGN_IDENTITY = "-";
				COPY_PHASE_STRIP = NO;
				DEBUG_INFORMATION_FORMAT = "dwarf-with-dsym";
				ENABLE_NS_ASSERTIONS = NO;
				ENABLE_STRICT_OBJC_MSGSEND = YES;
				GCC_C_LANGUAGE_STANDARD = gnu11;
				GCC_NO_COMMON_BLOCKS = YES;
				GCC_WARN_64_TO_32_BIT_CONVERSION = YES;
				GCC_WARN_ABOUT_RETURN_TYPE = YES_ERROR;
				GCC_WARN_UNDECLARED_SELECTOR = YES;
				GCC_WARN_UNINITIALIZED_AUTOS = YES_AGGRESSIVE;
				GCC_WARN_UNUSED_FUNCTION = YES;
				GCC_WARN_UNUSED_VARIABLE = YES;
				MACOSX_DEPLOYMENT_TARGET = 10.13;
				MTL_ENABLE_DEBUG_INFO = NO;
				SDKROOT = macosx;
				SWIFT_COMPILATION_MODE = wholemodule;
				SWIFT_OPTIMIZATION_LEVEL = "-O";
			};
			name = Release;
		};
		343C30D7208B7DA60070F597 /* Debug */ = {
			isa = XCBuildConfiguration;
			baseConfigurationReference = C2B3E2E568AA63FCAD5BAB32 /* Pods-HackerNews.debug.xcconfig */;
			buildSettings = {
				ASSETCATALOG_COMPILER_APPICON_NAME = AppIcon;
				CODE_SIGN_ENTITLEMENTS = HackerNews/HackerNews.entitlements;
				CODE_SIGN_STYLE = Automatic;
				COMBINE_HIDPI_IMAGES = YES;
				INFOPLIST_FILE = HackerNews/Info.plist;
				LD_RUNPATH_SEARCH_PATHS = "$(inherited) @executable_path/../Frameworks";
				PRODUCT_BUNDLE_IDENTIFIER = com.viktorstrate.HackerNews;
				PRODUCT_NAME = "$(TARGET_NAME)";
				SWIFT_VERSION = 4.0;
			};
			name = Debug;
		};
		343C30D8208B7DA60070F597 /* Release */ = {
			isa = XCBuildConfiguration;
			baseConfigurationReference = 6BE812453B6954BE0729AD00 /* Pods-HackerNews.release.xcconfig */;
			buildSettings = {
				ASSETCATALOG_COMPILER_APPICON_NAME = AppIcon;
				CODE_SIGN_ENTITLEMENTS = HackerNews/HackerNews.entitlements;
				CODE_SIGN_STYLE = Automatic;
				COMBINE_HIDPI_IMAGES = YES;
				INFOPLIST_FILE = HackerNews/Info.plist;
				LD_RUNPATH_SEARCH_PATHS = "$(inherited) @executable_path/../Frameworks";
				PRODUCT_BUNDLE_IDENTIFIER = com.viktorstrate.HackerNews;
				PRODUCT_NAME = "$(TARGET_NAME)";
				SWIFT_VERSION = 4.0;
			};
			name = Release;
		};
		343C30DA208B7DA60070F597 /* Debug */ = {
			isa = XCBuildConfiguration;
			baseConfigurationReference = C2D2553B3CFCF2B692102BA1 /* Pods-HackerNewsTests.debug.xcconfig */;
			buildSettings = {
				ALWAYS_EMBED_SWIFT_STANDARD_LIBRARIES = YES;
				BUNDLE_LOADER = "$(TEST_HOST)";
				CODE_SIGN_STYLE = Automatic;
				COMBINE_HIDPI_IMAGES = YES;
				INFOPLIST_FILE = HackerNewsTests/Info.plist;
				LD_RUNPATH_SEARCH_PATHS = "$(inherited) @executable_path/../Frameworks @loader_path/../Frameworks";
				PRODUCT_BUNDLE_IDENTIFIER = com.viktorstrate.HackerNewsTests;
				PRODUCT_NAME = "$(TARGET_NAME)";
				SWIFT_VERSION = 4.0;
				TEST_HOST = "$(BUILT_PRODUCTS_DIR)/HackerNews.app/Contents/MacOS/HackerNews";
			};
			name = Debug;
		};
		343C30DB208B7DA60070F597 /* Release */ = {
			isa = XCBuildConfiguration;
			baseConfigurationReference = 1AE700D11E195566ED92BBAE /* Pods-HackerNewsTests.release.xcconfig */;
			buildSettings = {
				ALWAYS_EMBED_SWIFT_STANDARD_LIBRARIES = YES;
				BUNDLE_LOADER = "$(TEST_HOST)";
				CODE_SIGN_STYLE = Automatic;
				COMBINE_HIDPI_IMAGES = YES;
				INFOPLIST_FILE = HackerNewsTests/Info.plist;
				LD_RUNPATH_SEARCH_PATHS = "$(inherited) @executable_path/../Frameworks @loader_path/../Frameworks";
				PRODUCT_BUNDLE_IDENTIFIER = com.viktorstrate.HackerNewsTests;
				PRODUCT_NAME = "$(TARGET_NAME)";
				SWIFT_VERSION = 4.0;
				TEST_HOST = "$(BUILT_PRODUCTS_DIR)/HackerNews.app/Contents/MacOS/HackerNews";
			};
			name = Release;
		};
		343C30DD208B7DA60070F597 /* Debug */ = {
			isa = XCBuildConfiguration;
			baseConfigurationReference = 1AA8970C011BE7299479012D /* Pods-HackerNewsUITests.debug.xcconfig */;
			buildSettings = {
				ALWAYS_EMBED_SWIFT_STANDARD_LIBRARIES = YES;
				CODE_SIGN_STYLE = Automatic;
				COMBINE_HIDPI_IMAGES = YES;
				INFOPLIST_FILE = HackerNewsUITests/Info.plist;
				LD_RUNPATH_SEARCH_PATHS = "$(inherited) @executable_path/../Frameworks @loader_path/../Frameworks";
				PRODUCT_BUNDLE_IDENTIFIER = com.viktorstrate.HackerNewsUITests;
				PRODUCT_NAME = "$(TARGET_NAME)";
				SWIFT_VERSION = 4.0;
				TEST_TARGET_NAME = HackerNews;
			};
			name = Debug;
		};
		343C30DE208B7DA60070F597 /* Release */ = {
			isa = XCBuildConfiguration;
			baseConfigurationReference = 659584F4C80EB4A41E02FD97 /* Pods-HackerNewsUITests.release.xcconfig */;
			buildSettings = {
				ALWAYS_EMBED_SWIFT_STANDARD_LIBRARIES = YES;
				CODE_SIGN_STYLE = Automatic;
				COMBINE_HIDPI_IMAGES = YES;
				INFOPLIST_FILE = HackerNewsUITests/Info.plist;
				LD_RUNPATH_SEARCH_PATHS = "$(inherited) @executable_path/../Frameworks @loader_path/../Frameworks";
				PRODUCT_BUNDLE_IDENTIFIER = com.viktorstrate.HackerNewsUITests;
				PRODUCT_NAME = "$(TARGET_NAME)";
				SWIFT_VERSION = 4.0;
				TEST_TARGET_NAME = HackerNews;
			};
			name = Release;
		};
/* End XCBuildConfiguration section */

/* Begin XCConfigurationList section */
		343C30AB208B7DA50070F597 /* Build configuration list for PBXProject "HackerNews" */ = {
			isa = XCConfigurationList;
			buildConfigurations = (
				343C30D4208B7DA60070F597 /* Debug */,
				343C30D5208B7DA60070F597 /* Release */,
			);
			defaultConfigurationIsVisible = 0;
			defaultConfigurationName = Release;
		};
		343C30D6208B7DA60070F597 /* Build configuration list for PBXNativeTarget "HackerNews" */ = {
			isa = XCConfigurationList;
			buildConfigurations = (
				343C30D7208B7DA60070F597 /* Debug */,
				343C30D8208B7DA60070F597 /* Release */,
			);
			defaultConfigurationIsVisible = 0;
			defaultConfigurationName = Release;
		};
		343C30D9208B7DA60070F597 /* Build configuration list for PBXNativeTarget "HackerNewsTests" */ = {
			isa = XCConfigurationList;
			buildConfigurations = (
				343C30DA208B7DA60070F597 /* Debug */,
				343C30DB208B7DA60070F597 /* Release */,
			);
			defaultConfigurationIsVisible = 0;
			defaultConfigurationName = Release;
		};
		343C30DC208B7DA60070F597 /* Build configuration list for PBXNativeTarget "HackerNewsUITests" */ = {
			isa = XCConfigurationList;
			buildConfigurations = (
				343C30DD208B7DA60070F597 /* Debug */,
				343C30DE208B7DA60070F597 /* Release */,
			);
			defaultConfigurationIsVisible = 0;
			defaultConfigurationName = Release;
		};
/* End XCConfigurationList section */
	};
	rootObject = 343C30A8208B7DA50070F597 /* Project object */;
}
